
Microsoft Visual Studio Solution File, Format Version 12.00
# Visual Studio Version 16
VisualStudioVersion = 16.0.31129.286
MinimumVisualStudioVersion = 10.0.40219.1
Project("{FAE04EC0-301F-11D3-BF4B-00C04F79EFBC}") = "Love", "Love.csproj", "{40F14CF4-929C-4DB5-8FF8-9E5C1BFCC092}"
EndProject
Global
	GlobalSection(SolutionConfigurationPlatforms) = preSolution
		Debug|Any CPU = Debug|Any CPU
		Release|Any CPU = Release|Any CPU
	EndGlobalSection
	GlobalSection(ProjectConfigurationPlatforms) = postSolution
		{40F14CF4-929C-4DB5-8FF8-9E5C1BFCC092}.Debug|Any CPU.ActiveCfg = Debug|Any CPU
		{40F14CF4-929C-4DB5-8FF8-9E5C1BFCC092}.Debug|Any CPU.Build.0 = Debug|Any CPU
		{40F14CF4-929C-4DB5-8FF8-9E5C1BFCC092}.Release|Any CPU.ActiveCfg = Release|Any CPU
		{40F14CF4-929C-4DB5-8FF8-9E5C1BFCC092}.Release|Any CPU.Build.0 = Release|Any CPU
	EndGlobalSection
	GlobalSection(SolutionProperties) = preSolution
		HideSolutionNode = FALSE
	EndGlobalSection
	GlobalSection(ExtensibilityGlobals) = postSolution
		SolutionGuid = {78D8188B-3492-496A-B0C6-1F592C277893}
	EndGlobalSection
EndGlobal
